
Microsoft Visual Studio Solution File, Format Version 12.00
# Visual Studio Version 17
VisualStudioVersion = 17.4.33122.133
MinimumVisualStudioVersion = 10.0.40219.1
Project("{FAE04EC0-301F-11D3-BF4B-00C04F79EFBC}") = "heat-server", "heat-server\heat-server.csproj", "{14CDD7FF-3392-417E-9F2E-9E62D44BA3D2}"
EndProject
Global
	GlobalSection(SolutionConfigurationPlatforms) = preSolution
		Debug|Any CPU = Debug|Any CPU
		Release|Any CPU = Release|Any CPU
	EndGlobalSection
	GlobalSection(ProjectConfigurationPlatforms) = postSolution
		{14CDD7FF-3392-417E-9F2E-9E62D44BA3D2}.Debug|Any CPU.ActiveCfg = Debug|Any CPU
		{14CDD7FF-3392-417E-9F2E-9E62D44BA3D2}.Debug|Any CPU.Build.0 = Debug|Any CPU
		{14CDD7FF-3392-417E-9F2E-9E62D44BA3D2}.Release|Any CPU.ActiveCfg = Release|Any CPU
		{14CDD7FF-3392-417E-9F2E-9E62D44BA3D2}.Release|Any CPU.Build.0 = Release|Any CPU
	EndGlobalSection
	GlobalSection(SolutionProperties) = preSolution
		HideSolutionNode = FALSE
	EndGlobalSection
	GlobalSection(ExtensibilityGlobals) = postSolution
		SolutionGuid = {2C7111FC-F8B1-4036-9BAD-F9DB7FA96EED}
	EndGlobalSection
EndGlobal
